
Microsoft Visual Studio Solution File, Format Version 12.00
# Visual Studio Version 17
VisualStudioVersion = 17.11.35303.130
MinimumVisualStudioVersion = 10.0.40219.1
Project("{FAE04EC0-301F-11D3-BF4B-00C04F79EFBC}") = "Assingment_Three_Basic", "Assingment_Three_Basic.csproj", "{9FBD98FB-08E9-455B-B1E6-AF868AF78D68}"
EndProject
Global
	GlobalSection(SolutionConfigurationPlatforms) = preSolution
		Debug|Any CPU = Debug|Any CPU
		Release|Any CPU = Release|Any CPU
	EndGlobalSection
	GlobalSection(ProjectConfigurationPlatforms) = postSolution
		{9FBD98FB-08E9-455B-B1E6-AF868AF78D68}.Debug|Any CPU.ActiveCfg = Debug|Any CPU
		{9FBD98FB-08E9-455B-B1E6-AF868AF78D68}.Debug|Any CPU.Build.0 = Debug|Any CPU
		{9FBD98FB-08E9-455B-B1E6-AF868AF78D68}.Release|Any CPU.ActiveCfg = Release|Any CPU
		{9FBD98FB-08E9-455B-B1E6-AF868AF78D68}.Release|Any CPU.Build.0 = Release|Any CPU
	EndGlobalSection
	GlobalSection(SolutionProperties) = preSolution
		HideSolutionNode = FALSE
	EndGlobalSection
	GlobalSection(ExtensibilityGlobals) = postSolution
		SolutionGuid = {D3D75C3E-1B06-463A-8B30-EA5A79ABBB80}
	EndGlobalSection
EndGlobal
